SUITECRM_VERSION="8.10.2"
SUITECRM_TAG="v8.10.2"
SUITECRM_COMMIT="6c7ce002a8f9b594eb80021d273af0aee72af54a"
SUITECRM_REPO="https://github.com/SuiteCRM/SuiteCRM-Core"
SUITECRM_PACKAGE="SuiteCRM-8.10.2.zip"
SUITECRM_URL="https://github.com/SuiteCRM/SuiteCRM-Core/releases/download/v8.10.2/SuiteCRM-8.10.2.zip"
SUITECRM_SHA256="ac4693d10ea2d6cd20b3256098781d134599d88878fb24e8dc127038d624f5a8"
SUITECRM_LICENSE="AGPL-3.0"
SUITECRM_RELEASE_DATE="2026-07-31"
